
Microsoft Visual Studio Solution File, Format Version 12.00
# Visual Studio Version 16
VisualStudioVersion = 16.0.30320.27
MinimumVisualStudioVersion = 10.0.40219.1
Project("{FAE04EC0-301F-11D3-BF4B-00C04F79EFBC}") = "BookLibrary", "BookLibrary\BookLibrary.csproj", "{B5BE8F26-8DCD-470B-960A-4DAF9CFB21BF}"
EndProject
Global
	GlobalSection(SolutionConfigurationPlatforms) = preSolution
		Debug|Any CPU = Debug|Any CPU
		Release|Any CPU = Release|Any CPU
	EndGlobalSection
	GlobalSection(ProjectConfigurationPlatforms) = postSolution
		{B5BE8F26-8DCD-470B-960A-4DAF9CFB21BF}.Debug|Any CPU.ActiveCfg = Debug|Any CPU
		{B5BE8F26-8DCD-470B-960A-4DAF9CFB21BF}.Debug|Any CPU.Build.0 = Debug|Any CPU
		{B5BE8F26-8DCD-470B-960A-4DAF9CFB21BF}.Release|Any CPU.ActiveCfg = Release|Any CPU
		{B5BE8F26-8DCD-470B-960A-4DAF9CFB21BF}.Release|Any CPU.Build.0 = Release|Any CPU
	EndGlobalSection
	GlobalSection(SolutionProperties) = preSolution
		HideSolutionNode = FALSE
	EndGlobalSection
	GlobalSection(ExtensibilityGlobals) = postSolution
		SolutionGuid = {26CF1359-EDAF-42B5-82A6-756D3C689378}
	EndGlobalSection
EndGlobal
